// !$*UTF8*$!
{
	archiveVersion = 1;
	classes = {
	};
	objectVersion = 56;
	objects = {

/* Begin PBXBuildFile section */
		2C7A7D582C52BBD00029B724 /* The_Story_WithinApp.swift in Sources */ = {isa = PBXBuildFile; fileRef = 2C7A7D572C52BBD00029B724 /* The_Story_WithinApp.swift */; };
		2C7A7D5A2C52BBD00029B724 /* ContentView.swift in Sources */ = {isa = PBXBuildFile; fileRef = 2C7A7D592C52BBD00029B724 /* ContentView.swift */; };
		2C7A7D5C2C52BBD00029B724 /* Assets.xcassets in Resources */ = {isa = PBXBuildFile; fileRef = 2C7A7D5B2C52BBD00029B724 /* Assets.xcassets */; };
		2C7A7D5F2C52BBD00029B724 /* Preview Assets.xcassets in Resources */ = {isa = PBXBuildFile; fileRef = 2C7A7D5E2C52BBD00029B724 /* Preview Assets.xcassets */; };
		2C7A7D662C52BDB00029B724 /* RewardView.swift in Sources */ = {isa = PBXBuildFile; fileRef = 2C7A7D652C52BDB00029B724 /* RewardView.swift */; };
		2C7A7D682C52BDC90029B724 /* GameView.swift in Sources */ = {isa = PBXBuildFile; fileRef = 2C7A7D672C52BDC90029B724 /* GameView.swift */; };
		2C7A7D6A2C52BDDC0029B724 /* QuizView.swift in Sources */ = {isa = PBXBuildFile; fileRef = 2C7A7D692C52BDDC0029B724 /* QuizView.swift */; };
		2C7A7D6C2C52BDF00029B724 /* ReadView.swift in Sources */ = {isa = PBXBuildFile; fileRef = 2C7A7D6B2C52BDF00029B724 /* ReadView.swift */; };
		2C7A7D6E2C52BE010029B724 /* MainView.swift in Sources */ = {isa = PBXBuildFile; fileRef = 2C7A7D6D2C52BE010029B724 /* MainView.swift */; };
		2C7A7D702C52BE260029B724 /* BookView.swift in Sources */ = {isa = PBXBuildFile; fileRef = 2C7A7D6F2C52BE260029B724 /* BookView.swift */; };
		2C7A7D722C52BE3B0029B724 /* segmentedControl.swift in Sources */ = {isa = PBXBuildFile; fileRef = 2C7A7D712C52BE3B0029B724 /* segmentedControl.swift */; };
		2C7A7D742C52BE4E0029B724 /* SelectedView.swift in Sources */ = {isa = PBXBuildFile; fileRef = 2C7A7D732C52BE4E0029B724 /* SelectedView.swift */; };
		2C7A7D762C52BE610029B724 /* DataManager.swift in Sources */ = {isa = PBXBuildFile; fileRef = 2C7A7D752C52BE610029B724 /* DataManager.swift */; };
		2C7A7D782C52BE990029B724 /* LibraryView.swift in Sources */ = {isa = PBXBuildFile; fileRef = 2C7A7D772C52BE990029B724 /* LibraryView.swift */; };
		2C7A7D7A2C52BEE00029B724 /* CardView.swift in Sources */ = {isa = PBXBuildFile; fileRef = 2C7A7D792C52BEE00029B724 /* CardView.swift */; };
		2C7A7D7C2C52BF500029B724 /* Memory.swift in Sources */ = {isa = PBXBuildFile; fileRef = 2C7A7D7B2C52BF500029B724 /* Memory.swift */; };
		2C7A7D7E2C52BF710029B724 /* FairyTalesView.swift in Sources */ = {isa = PBXBuildFile; fileRef = 2C7A7D7D2C52BF710029B724 /* FairyTalesView.swift */; };
/* End PBXBuildFile section */

/* Begin PBXFileReference section */
		2C7A7D542C52BBD00029B724 /* The Story Within.app */ = {isa = PBXFileReference; explicitFileType = wrapper.application; includeInIndex = 0; path = "The Story Within.app"; sourceTree = BUILT_PRODUCTS_DIR; };
		2C7A7D572C52BBD00029B724 /* The_Story_WithinApp.swift */ = {isa = PBXFileReference; lastKnownFileType = sourcecode.swift; path = The_Story_WithinApp.swift; sourceTree = "<group>"; };
		2C7A7D592C52BBD00029B724 /* ContentView.swift */ = {isa = PBXFileReference; lastKnownFileType = sourcecode.swift; path = ContentView.swift; sourceTree = "<group>"; };
		2C7A7D5B2C52BBD00029B724 /* Assets.xcassets */ = {isa = PBXFileReference; lastKnownFileType = folder.assetcatalog; path = Assets.xcassets; sourceTree = "<group>"; };
		2C7A7D5E2C52BBD00029B724 /* Preview Assets.xcassets */ = {isa = PBXFileReference; lastKnownFileType = folder.assetcatalog; path = "Preview Assets.xcassets"; sourceTree = "<group>"; };
		2C7A7D652C52BDB00029B724 /* RewardView.swift */ = {isa = PBXFileReference; lastKnownFileType = sourcecode.swift; path = RewardView.swift; sourceTree = "<group>"; };
		2C7A7D672C52BDC90029B724 /* GameView.swift */ = {isa = PBXFileReference; lastKnownFileType = sourcecode.swift; path = GameView.swift; sourceTree = "<group>"; };
		2C7A7D692C52BDDC0029B724 /* QuizView.swift */ = {isa = PBXFileReference; lastKnownFileType = sourcecode.swift; path = QuizView.swift; sourceTree = "<group>"; };
		2C7A7D6B2C52BDF00029B724 /* ReadView.swift */ = {isa = PBXFileReference; lastKnownFileType = sourcecode.swift; path = ReadView.swift; sourceTree = "<group>"; };
		2C7A7D6D2C52BE010029B724 /* MainView.swift */ = {isa = PBXFileReference; lastKnownFileType = sourcecode.swift; path = MainView.swift; sourceTree = "<group>"; };
		2C7A7D6F2C52BE260029B724 /* BookView.swift */ = {isa = PBXFileReference; lastKnownFileType = sourcecode.swift; path = BookView.swift; sourceTree = "<group>"; };
		2C7A7D712C52BE3B0029B724 /* segmentedControl.swift */ = {isa = PBXFileReference; lastKnownFileType = sourcecode.swift; path = segmentedControl.swift; sourceTree = "<group>"; };
		2C7A7D732C52BE4E0029B724 /* SelectedView.swift */ = {isa = PBXFileReference; lastKnownFileType = sourcecode.swift; path = SelectedView.swift; sourceTree = "<group>"; };
		2C7A7D752C52BE610029B724 /* DataManager.swift */ = {isa = PBXFileReference; lastKnownFileType = sourcecode.swift; path = DataManager.swift; sourceTree = "<group>"; };
		2C7A7D772C52BE990029B724 /* LibraryView.swift */ = {isa = PBXFileReference; lastKnownFileType = sourcecode.swift; path = LibraryView.swift; sourceTree = "<group>"; };
		2C7A7D792C52BEE00029B724 /* CardView.swift */ = {isa = PBXFileReference; lastKnownFileType = sourcecode.swift; path = CardView.swift; sourceTree = "<group>"; };
		2C7A7D7B2C52BF500029B724 /* Memory.swift */ = {isa = PBXFileReference; lastKnownFileType = sourcecode.swift; path = Memory.swift; sourceTree = "<group>"; };
		2C7A7D7D2C52BF710029B724 /* FairyTalesView.swift */ = {isa = PBXFileReference; lastKnownFileType = sourcecode.swift; path = FairyTalesView.swift; sourceTree = "<group>"; };
/* End PBXFileReference section */

/* Begin PBXFrameworksBuildPhase section */
		2C7A7D512C52BBD00029B724 /* Frameworks */ = {
			isa = PBXFrameworksBuildPhase;
			buildActionMask = 2147483647;
			files = (
			);
			runOnlyForDeploymentPostprocessing = 0;
		};
/* End PBXFrameworksBuildPhase section */

/* Begin PBXGroup section */
		2C7A7D4B2C52BBD00029B724 = {
			isa = PBXGroup;
			children = (
				2C7A7D562C52BBD00029B724 /* The Story Within */,
				2C7A7D552C52BBD00029B724 /* Products */,
			);
			sourceTree = "<group>";
		};
		2C7A7D552C52BBD00029B724 /* Products */ = {
			isa = PBXGroup;
			children = (
				2C7A7D542C52BBD00029B724 /* The Story Within.app */,
			);
			name = Products;
			sourceTree = "<group>";
		};
		2C7A7D562C52BBD00029B724 /* The Story Within */ = {
			isa = PBXGroup;
			children = (
				2C7A7D572C52BBD00029B724 /* The_Story_WithinApp.swift */,
				2C7A7D592C52BBD00029B724 /* ContentView.swift */,
				2C7A7D652C52BDB00029B724 /* RewardView.swift */,
				2C7A7D672C52BDC90029B724 /* GameView.swift */,
				2C7A7D692C52BDDC0029B724 /* QuizView.swift */,
				2C7A7D6B2C52BDF00029B724 /* ReadView.swift */,
				2C7A7D6D2C52BE010029B724 /* MainView.swift */,
				2C7A7D6F2C52BE260029B724 /* BookView.swift */,
				2C7A7D712C52BE3B0029B724 /* segmentedControl.swift */,
				2C7A7D732C52BE4E0029B724 /* SelectedView.swift */,
				2C7A7D752C52BE610029B724 /* DataManager.swift */,
				2C7A7D772C52BE990029B724 /* LibraryView.swift */,
				2C7A7D792C52BEE00029B724 /* CardView.swift */,
				2C7A7D7B2C52BF500029B724 /* Memory.swift */,
				2C7A7D7D2C52BF710029B724 /* FairyTalesView.swift */,
				2C7A7D5B2C52BBD00029B724 /* Assets.xcassets */,
				2C7A7D5D2C52BBD00029B724 /* Preview Content */,
			);
			path = "The Story Within";
			sourceTree = "<group>";
		};
		2C7A7D5D2C52BBD00029B724 /* Preview Content */ = {
			isa = PBXGroup;
			children = (
				2C7A7D5E2C52BBD00029B724 /* Preview Assets.xcassets */,
			);
			path = "Preview Content";
			sourceTree = "<group>";
		};
/* End PBXGroup section */

/* Begin PBXNativeTarget section */
		2C7A7D532C52BBD00029B724 /* The Story Within */ = {
			isa = PBXNativeTarget;
			buildConfigurationList = 2C7A7D622C52BBD00029B724 /* Build configuration list for PBXNativeTarget "The Story Within" */;
			buildPhases = (
				2C7A7D502C52BBD00029B724 /* Sources */,
				2C7A7D512C52BBD00029B724 /* Frameworks */,
				2C7A7D522C52BBD00029B724 /* Resources */,
			);
			buildRules = (
			);
			dependencies = (
			);
			name = "The Story Within";
			productName = "The Story Within";
			productReference = 2C7A7D542C52BBD00029B724 /* The Story Within.app */;
			productType = "com.apple.product-type.application";
		};
/* End PBXNativeTarget section */

/* Begin PBXProject section */
		2C7A7D4C2C52BBD00029B724 /* Project object */ = {
			isa = PBXProject;
			attributes = {
				BuildIndependentTargetsInParallel = 1;
				LastSwiftUpdateCheck = 1540;
				LastUpgradeCheck = 1540;
				TargetAttributes = {
					2C7A7D532C52BBD00029B724 = {
						CreatedOnToolsVersion = 15.4;
					};
				};
			};
			buildConfigurationList = 2C7A7D4F2C52BBD00029B724 /* Build configuration list for PBXProject "The Story Within" */;
			compatibilityVersion = "Xcode 14.0";
			developmentRegion = en;
			hasScannedForEncodings = 0;
			knownRegions = (
				en,
				Base,
			);
			mainGroup = 2C7A7D4B2C52BBD00029B724;
			productRefGroup = 2C7A7D552C52BBD00029B724 /* Products */;
			projectDirPath = "";
			projectRoot = "";
			targets = (
				2C7A7D532C52BBD00029B724 /* The Story Within */,
			);
		};
/* End PBXProject section */

/* Begin PBXResourcesBuildPhase section */
		2C7A7D522C52BBD00029B724 /* Resources */ = {
			isa = PBXResourcesBuildPhase;
			buildActionMask = 2147483647;
			files = (
				2C7A7D5F2C52BBD00029B724 /* Preview Assets.xcassets in Resources */,
				2C7A7D5C2C52BBD00029B724 /* Assets.xcassets in Resources */,
			);
			runOnlyForDeploymentPostprocessing = 0;
		};
/* End PBXResourcesBuildPhase section */

/* Begin PBXSourcesBuildPhase section */
		2C7A7D502C52BBD00029B724 /* Sources */ = {
			isa = PBXSourcesBuildPhase;
			buildActionMask = 2147483647;
			files = (
				2C7A7D5A2C52BBD00029B724 /* ContentView.swift in Sources */,
				2C7A7D6E2C52BE010029B724 /* MainView.swift in Sources */,
				2C7A7D662C52BDB00029B724 /* RewardView.swift in Sources */,
				2C7A7D6A2C52BDDC0029B724 /* QuizView.swift in Sources */,
				2C7A7D782C52BE990029B724 /* LibraryView.swift in Sources */,
				2C7A7D682C52BDC90029B724 /* GameView.swift in Sources */,
				2C7A7D6C2C52BDF00029B724 /* ReadView.swift in Sources */,
				2C7A7D7A2C52BEE00029B724 /* CardView.swift in Sources */,
				2C7A7D582C52BBD00029B724 /* The_Story_WithinApp.swift in Sources */,
				2C7A7D742C52BE4E0029B724 /* SelectedView.swift in Sources */,
				2C7A7D7C2C52BF500029B724 /* Memory.swift in Sources */,
				2C7A7D7E2C52BF710029B724 /* FairyTalesView.swift in Sources */,
				2C7A7D762C52BE610029B724 /* DataManager.swift in Sources */,
				2C7A7D722C52BE3B0029B724 /* segmentedControl.swift in Sources */,
				2C7A7D702C52BE260029B724 /* BookView.swift in Sources */,
			);
			runOnlyForDeploymentPostprocessing = 0;
		};
/* End PBXSourcesBuildPhase section */

/* Begin XCBuildConfiguration section */
		2C7A7D602C52BBD00029B724 /* Debug */ = {
			isa = XCBuildConfiguration;
			buildSettings = {
				ALWAYS_SEARCH_USER_PATHS = NO;
				ASSETCATALOG_COMPILER_GENERATE_SWIFT_ASSET_SYMBOL_EXTENSIONS = YES;
				CLANG_ANALYZER_NONNULL = YES;
				CLANG_ANALYZER_NUMBER_OBJECT_CONVERSION = YES_AGGRESSIVE;
				CLANG_CXX_LANGUAGE_STANDARD = "gnu++20";
				CLANG_ENABLE_MODULES = YES;
				CLANG_ENABLE_OBJC_ARC = YES;
				CLANG_ENABLE_OBJC_WEAK = YES;
				CLANG_WARN_BLOCK_CAPTURE_AUTORELEASING = YES;
				CLANG_WARN_BOOL_CONVERSION = YES;
				CLANG_WARN_COMMA = YES;
				CLANG_WARN_CONSTANT_CONVERSION = YES;
				CLANG_WARN_DEPRECATED_OBJC_IMPLEMENTATIONS = YES;
				CLANG_WARN_DIRECT_OBJC_ISA_USAGE = YES_ERROR;
				CLANG_WARN_DOCUMENTATION_COMMENTS = YES;
				CLANG_WARN_EMPTY_BODY = YES;
				CLANG_WARN_ENUM_CONVERSION = YES;
				CLANG_WARN_INFINITE_RECURSION = YES;
				CLANG_WARN_INT_CONVERSION = YES;
				CLANG_WARN_NON_LITERAL_NULL_CONVERSION = YES;
				CLANG_WARN_OBJC_IMPLICIT_RETAIN_SELF = YES;
				CLANG_WARN_OBJC_LITERAL_CONVERSION = YES;
				CLANG_WARN_OBJC_ROOT_CLASS = YES_ERROR;
				CLANG_WARN_QUOTED_INCLUDE_IN_FRAMEWORK_HEADER = YES;
				CLANG_WARN_RANGE_LOOP_ANALYSIS = YES;
				CLANG_WARN_STRICT_PROTOTYPES = YES;
				CLANG_WARN_SUSPICIOUS_MOVE = YES;
				CLANG_WARN_UNGUARDED_AVAILABILITY = YES_AGGRESSIVE;
				CLANG_WARN_UNREACHABLE_CODE = YES;
				CLANG_WARN__DUPLICATE_METHOD_MATCH = YES;
				COPY_PHASE_STRIP = NO;
				DEBUG_INFORMATION_FORMAT = dwarf;
				ENABLE_STRICT_OBJC_MSGSEND = YES;
				ENABLE_TESTABILITY = YES;
				ENABLE_USER_SCRIPT_SANDBOXING = YES;
				GCC_C_LANGUAGE_STANDARD = gnu17;
				GCC_DYNAMIC_NO_PIC = NO;
				GCC_NO_COMMON_BLOCKS = YES;
				GCC_OPTIMIZATION_LEVEL = 0;
				GCC_PREPROCESSOR_DEFINITIONS = (
					"DEBUG=1",
					"$(inherited)",
				);
				GCC_WARN_64_TO_32_BIT_CONVERSION = YES;
				GCC_WARN_ABOUT_RETURN_TYPE = YES_ERROR;
				GCC_WARN_UNDECLARED_SELECTOR = YES;
				GCC_WARN_UNINITIALIZED_AUTOS = YES_AGGRESSIVE;
				GCC_WARN_UNUSED_FUNCTION = YES;
				GCC_WARN_UNUSED_VARIABLE = YES;
				IPHONEOS_DEPLOYMENT_TARGET = 17.5;
				LOCALIZATION_PREFERS_STRING_CATALOGS = YES;
				MTL_ENABLE_DEBUG_INFO = INCLUDE_SOURCE;
				MTL_FAST_MATH = YES;
				ONLY_ACTIVE_ARCH = YES;
				SDKROOT = iphoneos;
				SWIFT_ACTIVE_COMPILATION_CONDITIONS = "DEBUG $(inherited)";
				SWIFT_OPTIMIZATION_LEVEL = "-Onone";
			};
			name = Debug;
		};
		2C7A7D612C52BBD00029B724 /* Release */ = {
			isa = XCBuildConfiguration;
			buildSettings = {
				ALWAYS_SEARCH_USER_PATHS = NO;
				ASSETCATALOG_COMPILER_GENERATE_SWIFT_ASSET_SYMBOL_EXTENSIONS = YES;
				CLANG_ANALYZER_NONNULL = YES;
				CLANG_ANALYZER_NUMBER_OBJECT_CONVERSION = YES_AGGRESSIVE;
				CLANG_CXX_LANGUAGE_STANDARD = "gnu++20";
				CLANG_ENABLE_MODULES = YES;
				CLANG_ENABLE_OBJC_ARC = YES;
				CLANG_ENABLE_OBJC_WEAK = YES;
				CLANG_WARN_BLOCK_CAPTURE_AUTORELEASING = YES;
				CLANG_WARN_BOOL_CONVERSION = YES;
				CLANG_WARN_COMMA = YES;
				CLANG_WARN_CONSTANT_CONVERSION = YES;
				CLANG_WARN_DEPRECATED_OBJC_IMPLEMENTATIONS = YES;
				CLANG_WARN_DIRECT_OBJC_ISA_USAGE = YES_ERROR;
				CLANG_WARN_DOCUMENTATION_COMMENTS = YES;
				CLANG_WARN_EMPTY_BODY = YES;
				CLANG_WARN_ENUM_CONVERSION = YES;
				CLANG_WARN_INFINITE_RECURSION = YES;
				CLANG_WARN_INT_CONVERSION = YES;
				CLANG_WARN_NON_LITERAL_NULL_CONVERSION = YES;
				CLANG_WARN_OBJC_IMPLICIT_RETAIN_SELF = YES;
				CLANG_WARN_OBJC_LITERAL_CONVERSION = YES;
				CLANG_WARN_OBJC_ROOT_CLASS = YES_ERROR;
				CLANG_WARN_QUOTED_INCLUDE_IN_FRAMEWORK_HEADER = YES;
				CLANG_WARN_RANGE_LOOP_ANALYSIS = YES;
				CLANG_WARN_STRICT_PROTOTYPES = YES;
				CLANG_WARN_SUSPICIOUS_MOVE = YES;
				CLANG_WARN_UNGUARDED_AVAILABILITY = YES_AGGRESSIVE;
				CLANG_WARN_UNREACHABLE_CODE = YES;
				CLANG_WARN__DUPLICATE_METHOD_MATCH = YES;
				COPY_PHASE_STRIP = NO;
				DEBUG_INFORMATION_FORMAT = "dwarf-with-dsym";
				ENABLE_NS_ASSERTIONS = NO;
				ENABLE_STRICT_OBJC_MSGSEND = YES;
				ENABLE_USER_SCRIPT_SANDBOXING = YES;
				GCC_C_LANGUAGE_STANDARD = gnu17;
				GCC_NO_COMMON_BLOCKS = YES;
				GCC_WARN_64_TO_32_BIT_CONVERSION = YES;
				GCC_WARN_ABOUT_RETURN_TYPE = YES_ERROR;
				GCC_WARN_UNDECLARED_SELECTOR = YES;
				GCC_WARN_UNINITIALIZED_AUTOS = YES_AGGRESSIVE;
				GCC_WARN_UNUSED_FUNCTION = YES;
				GCC_WARN_UNUSED_VARIABLE = YES;
				IPHONEOS_DEPLOYMENT_TARGET = 17.5;
				LOCALIZATION_PREFERS_STRING_CATALOGS = YES;
				MTL_ENABLE_DEBUG_INFO = NO;
				MTL_FAST_MATH = YES;
				SDKROOT = iphoneos;
				SWIFT_COMPILATION_MODE = wholemodule;
				VALIDATE_PRODUCT = YES;
			};
			name = Release;
		};
		2C7A7D632C52BBD00029B724 /* Debug */ = {
			isa = XCBuildConfiguration;
			buildSettings = {
				ASSETCATALOG_COMPILER_APPICON_NAME = AppIcon;
				ASSETCATALOG_COMPILER_GLOBAL_ACCENT_COLOR_NAME = AccentColor;
				CODE_SIGN_STYLE = Automatic;
				CURRENT_PROJECT_VERSION = 1;
				DEVELOPMENT_ASSET_PATHS = "\"The Story Within/Preview Content\"";
				ENABLE_PREVIEWS = YES;
				GENERATE_INFOPLIST_FILE = YES;
				INFOPLIST_KEY_UIApplicationSceneManifest_Generation = YES;
				INFOPLIST_KEY_UIApplicationSupportsIndirectInputEvents = YES;
				INFOPLIST_KEY_UILaunchScreen_Generation = YES;
				INFOPLIST_KEY_UISupportedInterfaceOrientations_iPad = "UIInterfaceOrientationPortrait UIInterfaceOrientationPortraitUpsideDown UIInterfaceOrientationLandscapeLeft UIInterfaceOrientationLandscapeRight";
				INFOPLIST_KEY_UISupportedInterfaceOrientations_iPhone = "UIInterfaceOrientationPortrait UIInterfaceOrientationLandscapeLeft UIInterfaceOrientationLandscapeRight";
				LD_RUNPATH_SEARCH_PATHS = (
					"$(inherited)",
					"@executable_path/Frameworks",
				);
				MARKETING_VERSION = 1.0;
				PRODUCT_BUNDLE_IDENTIFIER = "com.brynn.The-Story-Within";
				PRODUCT_NAME = "$(TARGET_NAME)";
				SWIFT_EMIT_LOC_STRINGS = YES;
				SWIFT_VERSION = 5.0;
				TARGETED_DEVICE_FAMILY = "1,2";
			};
			name = Debug;
		};
		2C7A7D642C52BBD00029B724 /* Release */ = {
			isa = XCBuildConfiguration;
			buildSettings = {
				ASSETCATALOG_COMPILER_APPICON_NAME = AppIcon;
				ASSETCATALOG_COMPILER_GLOBAL_ACCENT_COLOR_NAME = AccentColor;
				CODE_SIGN_STYLE = Automatic;
				CURRENT_PROJECT_VERSION = 1;
				DEVELOPMENT_ASSET_PATHS = "\"The Story Within/Preview Content\"";
				ENABLE_PREVIEWS = YES;
				GENERATE_INFOPLIST_FILE = YES;
				INFOPLIST_KEY_UIApplicationSceneManifest_Generation = YES;
				INFOPLIST_KEY_UIApplicationSupportsIndirectInputEvents = YES;
				INFOPLIST_KEY_UILaunchScreen_Generation = YES;
				INFOPLIST_KEY_UISupportedInterfaceOrientations_iPad = "UIInterfaceOrientationPortrait UIInterfaceOrientationPortraitUpsideDown UIInterfaceOrientationLandscapeLeft UIInterfaceOrientationLandscapeRight";
				INFOPLIST_KEY_UISupportedInterfaceOrientations_iPhone = "UIInterfaceOrientationPortrait UIInterfaceOrientationLandscapeLeft UIInterfaceOrientationLandscapeRight";
				LD_RUNPATH_SEARCH_PATHS = (
					"$(inherited)",
					"@executable_path/Frameworks",
				);
				MARKETING_VERSION = 1.0;
				PRODUCT_BUNDLE_IDENTIFIER = "com.brynn.The-Story-Within";
				PRODUCT_NAME = "$(TARGET_NAME)";
				SWIFT_EMIT_LOC_STRINGS = YES;
				SWIFT_VERSION = 5.0;
				TARGETED_DEVICE_FAMILY = "1,2";
			};
			name = Release;
		};
/* End XCBuildConfiguration section */

/* Begin XCConfigurationList section */
		2C7A7D4F2C52BBD00029B724 /* Build configuration list for PBXProject "The Story Within" */ = {
			isa = XCConfigurationList;
			buildConfigurations = (
				2C7A7D602C52BBD00029B724 /* Debug */,
				2C7A7D612C52BBD00029B724 /* Release */,
			);
			defaultConfigurationIsVisible = 0;
			defaultConfigurationName = Release;
		};
		2C7A7D622C52BBD00029B724 /* Build configuration list for PBXNativeTarget "The Story Within" */ = {
			isa = XCConfigurationList;
			buildConfigurations = (
				2C7A7D632C52BBD00029B724 /* Debug */,
				2C7A7D642C52BBD00029B724 /* Release */,
			);
			defaultConfigurationIsVisible = 0;
			defaultConfigurationName = Release;
		};
/* End XCConfigurationList section */
	};
	rootObject = 2C7A7D4C2C52BBD00029B724 /* Project object */;
}
